
Microsoft Visual Studio Solution File, Format Version 12.00
# Visual Studio Version 16
VisualStudioVersion = 16.0.29209.62
MinimumVisualStudioVersion = 10.0.40219.1
Project("{9A19103F-16F7-4668-BE54-9A1E7A4F7556}") = "ReefSurvey", "ReefSurvey\ReefSurvey.csproj", "{9E43C32A-F34D-444E-B7F5-06A62BC06BD9}"
EndProject
Project("{9A19103F-16F7-4668-BE54-9A1E7A4F7556}") = "Model", "Model\Model.csproj", "{06C753E7-85BD-44F5-AD4D-72CECBADC9F7}"
EndProject
Project("{FAE04EC0-301F-11D3-BF4B-00C04F79EFBC}") = "Parser", "Parser\Parser.csproj", "{B3681BB6-0D33-4E5B-98E2-E9A34C00E702}"
EndProject
Global
	GlobalSection(SolutionConfigurationPlatforms) = preSolution
		Debug|Any CPU = Debug|Any CPU
		Release|Any CPU = Release|Any CPU
	EndGlobalSection
	GlobalSection(ProjectConfigurationPlatforms) = postSolution
		{9E43C32A-F34D-444E-B7F5-06A62BC06BD9}.Debug|Any CPU.ActiveCfg = Debug|Any CPU
		{9E43C32A-F34D-444E-B7F5-06A62BC06BD9}.Debug|Any CPU.Build.0 = Debug|Any CPU
		{9E43C32A-F34D-444E-B7F5-06A62BC06BD9}.Release|Any CPU.ActiveCfg = Release|Any CPU
		{9E43C32A-F34D-444E-B7F5-06A62BC06BD9}.Release|Any CPU.Build.0 = Release|Any CPU
		{06C753E7-85BD-44F5-AD4D-72CECBADC9F7}.Debug|Any CPU.ActiveCfg = Debug|Any CPU
		{06C753E7-85BD-44F5-AD4D-72CECBADC9F7}.Debug|Any CPU.Build.0 = Debug|Any CPU
		{06C753E7-85BD-44F5-AD4D-72CECBADC9F7}.Release|Any CPU.ActiveCfg = Release|Any CPU
		{06C753E7-85BD-44F5-AD4D-72CECBADC9F7}.Release|Any CPU.Build.0 = Release|Any CPU
		{B3681BB6-0D33-4E5B-98E2-E9A34C00E702}.Debug|Any CPU.ActiveCfg = Debug|Any CPU
		{B3681BB6-0D33-4E5B-98E2-E9A34C00E702}.Debug|Any CPU.Build.0 = Debug|Any CPU
		{B3681BB6-0D33-4E5B-98E2-E9A34C00E702}.Release|Any CPU.ActiveCfg = Release|Any CPU
		{B3681BB6-0D33-4E5B-98E2-E9A34C00E702}.Release|Any CPU.Build.0 = Release|Any CPU
	EndGlobalSection
	GlobalSection(SolutionProperties) = preSolution
		HideSolutionNode = FALSE
	EndGlobalSection
	GlobalSection(ExtensibilityGlobals) = postSolution
		SolutionGuid = {EBDFDEF4-B061-4454-B694-886F8A2C5121}
	EndGlobalSection
EndGlobal
